
Microsoft Visual Studio Solution File, Format Version 12.00
# Visual Studio Version 17
VisualStudioVersion = 17.13.35919.96 d17.13
MinimumVisualStudioVersion = 10.0.40219.1
Project("{8BC9CEB8-8B4A-11D0-8D11-00A0C91BC942}") = "TestDriver_9.1", "TestDriver_9.1.vcxproj", "{3A0F0855-8494-4D67-906A-0169D05382A1}"
EndProject
Global
	GlobalSection(SolutionConfigurationPlatforms) = preSolution
		Debug|x64 = Debug|x64
		Debug|x86 = Debug|x86
		Release|x64 = Release|x64
		Release|x86 = Release|x86
	EndGlobalSection
	GlobalSection(ProjectConfigurationPlatforms) = postSolution
		{3A0F0855-8494-4D67-906A-0169D05382A1}.Debug|x64.ActiveCfg = Debug|x64
		{3A0F0855-8494-4D67-906A-0169D05382A1}.Debug|x64.Build.0 = Debug|x64
		{3A0F0855-8494-4D67-906A-0169D05382A1}.Debug|x86.ActiveCfg = Debug|Win32
		{3A0F0855-8494-4D67-906A-0169D05382A1}.Debug|x86.Build.0 = Debug|Win32
		{3A0F0855-8494-4D67-906A-0169D05382A1}.Release|x64.ActiveCfg = Release|x64
		{3A0F0855-8494-4D67-906A-0169D05382A1}.Release|x64.Build.0 = Release|x64
		{3A0F0855-8494-4D67-906A-0169D05382A1}.Release|x86.ActiveCfg = Release|Win32
		{3A0F0855-8494-4D67-906A-0169D05382A1}.Release|x86.Build.0 = Release|Win32
	EndGlobalSection
	GlobalSection(SolutionProperties) = preSolution
		HideSolutionNode = FALSE
	EndGlobalSection
	GlobalSection(ExtensibilityGlobals) = postSolution
		SolutionGuid = {2EBF5B70-9DB9-4A93-AA40-728C0CC91A46}
	EndGlobalSection
EndGlobal
