
Microsoft Visual Studio Solution File, Format Version 12.00
# Visual Studio Version 17
VisualStudioVersion = 17.13.35919.96 d17.13
MinimumVisualStudioVersion = 10.0.40219.1
Project("{8BC9CEB8-8B4A-11D0-8D11-00A0C91BC942}") = "Savelyev_Task", "Savelyev_Task.vcxproj", "{1EE6616B-0E8E-4AE7-B90D-1DC1C2480F7E}"
EndProject
Global
	GlobalSection(SolutionConfigurationPlatforms) = preSolution
		Debug|x64 = Debug|x64
		Debug|x86 = Debug|x86
		Release|x64 = Release|x64
		Release|x86 = Release|x86
	EndGlobalSection
	GlobalSection(ProjectConfigurationPlatforms) = postSolution
		{1EE6616B-0E8E-4AE7-B90D-1DC1C2480F7E}.Debug|x64.ActiveCfg = Debug|x64
		{1EE6616B-0E8E-4AE7-B90D-1DC1C2480F7E}.Debug|x64.Build.0 = Debug|x64
		{1EE6616B-0E8E-4AE7-B90D-1DC1C2480F7E}.Debug|x86.ActiveCfg = Debug|Win32
		{1EE6616B-0E8E-4AE7-B90D-1DC1C2480F7E}.Debug|x86.Build.0 = Debug|Win32
		{1EE6616B-0E8E-4AE7-B90D-1DC1C2480F7E}.Release|x64.ActiveCfg = Release|x64
		{1EE6616B-0E8E-4AE7-B90D-1DC1C2480F7E}.Release|x64.Build.0 = Release|x64
		{1EE6616B-0E8E-4AE7-B90D-1DC1C2480F7E}.Release|x86.ActiveCfg = Release|Win32
		{1EE6616B-0E8E-4AE7-B90D-1DC1C2480F7E}.Release|x86.Build.0 = Release|Win32
	EndGlobalSection
	GlobalSection(SolutionProperties) = preSolution
		HideSolutionNode = FALSE
	EndGlobalSection
	GlobalSection(ExtensibilityGlobals) = postSolution
		SolutionGuid = {F82E5B32-05DA-4D4D-9F9C-72B14EC52E8F}
	EndGlobalSection
EndGlobal
